// !$*UTF8*$!
{
	archiveVersion = 1;
	classes = {
	};
	objectVersion = 46;
	objects = {

/* Begin PBXBuildFile section */
		716A4DE31BE29B6D00E66667 /* AppDelegate.swift in Sources */ = {isa = PBXBuildFile; fileRef = 716A4DE21BE29B6D00E66667 /* AppDelegate.swift */; };
		716A4DE51BE29B6D00E66667 /* ViewController.swift in Sources */ = {isa = PBXBuildFile; fileRef = 716A4DE41BE29B6D00E66667 /* ViewController.swift */; };
		716A4DEA1BE29B6D00E66667 /* Assets.xcassets in Resources */ = {isa = PBXBuildFile; fileRef = 716A4DE91BE29B6D00E66667 /* Assets.xcassets */; };
		716A4DED1BE29B6D00E66667 /* LaunchScreen.storyboard in Resources */ = {isa = PBXBuildFile; fileRef = 716A4DEB1BE29B6D00E66667 /* LaunchScreen.storyboard */; };
		716A4DF81BE29B6E00E66667 /* DropIt_DragItTests.swift in Sources */ = {isa = PBXBuildFile; fileRef = 716A4DF71BE29B6E00E66667 /* DropIt_DragItTests.swift */; };
		716A4E031BE29B6E00E66667 /* DropIt_DragItUITests.swift in Sources */ = {isa = PBXBuildFile; fileRef = 716A4E021BE29B6E00E66667 /* DropIt_DragItUITests.swift */; };
		716A4E111BE29BF100E66667 /* Oval.swift in Sources */ = {isa = PBXBuildFile; fileRef = 716A4E101BE29BF100E66667 /* Oval.swift */; };
		716A4E151BE29C0200E66667 /* DropItBehavior.swift in Sources */ = {isa = PBXBuildFile; fileRef = 716A4E121BE29C0200E66667 /* DropItBehavior.swift */; };
		716A4E161BE29C0200E66667 /* DropItViewController.swift in Sources */ = {isa = PBXBuildFile; fileRef = 716A4E131BE29C0200E66667 /* DropItViewController.swift */; };
		716A4E171BE29C0200E66667 /* BezierPathView.swift in Sources */ = {isa = PBXBuildFile; fileRef = 716A4E141BE29C0200E66667 /* BezierPathView.swift */; };
		716A4E1A1BE29D5600E66667 /* README.txt in Resources */ = {isa = PBXBuildFile; fileRef = 716A4E181BE29D5600E66667 /* README.txt */; };
		716A4E1B1BE29D5600E66667 /* LICENSE in Resources */ = {isa = PBXBuildFile; fileRef = 716A4E191BE29D5600E66667 /* LICENSE */; };
		716A4E2A1BE2B25A00E66667 /* Icon-60@2x.png in Resources */ = {isa = PBXBuildFile; fileRef = 716A4E201BE2B25A00E66667 /* Icon-60@2x.png */; };
		716A4E2B1BE2B25A00E66667 /* Icon-60@3x.png in Resources */ = {isa = PBXBuildFile; fileRef = 716A4E211BE2B25A00E66667 /* Icon-60@3x.png */; };
		716A4E2C1BE2B25A00E66667 /* Icon-76.png in Resources */ = {isa = PBXBuildFile; fileRef = 716A4E221BE2B25A00E66667 /* Icon-76.png */; };
		716A4E2D1BE2B25A00E66667 /* Icon-76@2x.png in Resources */ = {isa = PBXBuildFile; fileRef = 716A4E231BE2B25A00E66667 /* Icon-76@2x.png */; };
		716A4E2E1BE2B25A00E66667 /* Icon-Small-40.png in Resources */ = {isa = PBXBuildFile; fileRef = 716A4E241BE2B25A00E66667 /* Icon-Small-40.png */; };
		716A4E2F1BE2B25A00E66667 /* Icon-Small-40@2x.png in Resources */ = {isa = PBXBuildFile; fileRef = 716A4E251BE2B25A00E66667 /* Icon-Small-40@2x.png */; };
		716A4E301BE2B25A00E66667 /* Icon-Small-40@3x.png in Resources */ = {isa = PBXBuildFile; fileRef = 716A4E261BE2B25A00E66667 /* Icon-Small-40@3x.png */; };
		716A4E311BE2B25A00E66667 /* Icon-Small.png in Resources */ = {isa = PBXBuildFile; fileRef = 716A4E271BE2B25A00E66667 /* Icon-Small.png */; };
		716A4E321BE2B25A00E66667 /* Icon-Small@2x.png in Resources */ = {isa = PBXBuildFile; fileRef = 716A4E281BE2B25A00E66667 /* Icon-Small@2x.png */; };
		716A4E331BE2B25A00E66667 /* Icon-Small@3x.png in Resources */ = {isa = PBXBuildFile; fileRef = 716A4E291BE2B25A00E66667 /* Icon-Small@3x.png */; };
		716A4E3B1BE2B28C00E66667 /* 1000CreditsSWars1.png in Resources */ = {isa = PBXBuildFile; fileRef = 716A4E351BE2B28C00E66667 /* 1000CreditsSWars1.png */; };
		716A4E3C1BE2B28C00E66667 /* 1000Credits2-20.png in Resources */ = {isa = PBXBuildFile; fileRef = 716A4E361BE2B28C00E66667 /* 1000Credits2-20.png */; };
		716A4E3D1BE2B28C00E66667 /* arrow_down.png in Resources */ = {isa = PBXBuildFile; fileRef = 716A4E371BE2B28C00E66667 /* arrow_down.png */; };
		716A4E3E1BE2B28C00E66667 /* arrow_down@2x.png in Resources */ = {isa = PBXBuildFile; fileRef = 716A4E381BE2B28C00E66667 /* arrow_down@2x.png */; };
		716A4E3F1BE2B28C00E66667 /* arrow_down@3x.png in Resources */ = {isa = PBXBuildFile; fileRef = 716A4E391BE2B28C00E66667 /* arrow_down@3x.png */; };
		716A4E401BE2B28C00E66667 /* arrow_up.png in Resources */ = {isa = PBXBuildFile; fileRef = 716A4E3A1BE2B28C00E66667 /* arrow_up.png */; };
		716A4E441BE2B2CE00E66667 /* DragItViewController.swift in Sources */ = {isa = PBXBuildFile; fileRef = 716A4E411BE2B2CE00E66667 /* DragItViewController.swift */; };
		716A4E451BE2B2CE00E66667 /* CircleView.swift in Sources */ = {isa = PBXBuildFile; fileRef = 716A4E421BE2B2CE00E66667 /* CircleView.swift */; };
		716A4E461BE2B2CE00E66667 /* IAPHelper.swift in Sources */ = {isa = PBXBuildFile; fileRef = 716A4E431BE2B2CE00E66667 /* IAPHelper.swift */; };
		716A4E481BE2B47D00E66667 /* Settings.swift in Sources */ = {isa = PBXBuildFile; fileRef = 716A4E471BE2B47D00E66667 /* Settings.swift */; };
		716A4E5F1BE2B4FA00E66667 /* aurora-6-iss-150318.jpg in Resources */ = {isa = PBXBuildFile; fileRef = 716A4E491BE2B4FA00E66667 /* aurora-6-iss-150318.jpg */; };
		716A4E601BE2B4FA00E66667 /* badge-git-real-5d91905b69d46286cab389797ea81983.png in Resources */ = {isa = PBXBuildFile; fileRef = 716A4E4A1BE2B4FA00E66667 /* badge-git-real-5d91905b69d46286cab389797ea81983.png */; };
		716A4E611BE2B4FA00E66667 /* Black_hole2048.jpg in Resources */ = {isa = PBXBuildFile; fileRef = 716A4E4B1BE2B4FA00E66667 /* Black_hole2048.jpg */; };
		716A4E621BE2B4FA00E66667 /* bluePlanet.jpg in Resources */ = {isa = PBXBuildFile; fileRef = 716A4E4C1BE2B4FA00E66667 /* bluePlanet.jpg */; };
		716A4E631BE2B4FA00E66667 /* Clouds_outer_space_planets_earth.jpg in Resources */ = {isa = PBXBuildFile; fileRef = 716A4E4D1BE2B4FA00E66667 /* Clouds_outer_space_planets_earth.jpg */; };
		716A4E641BE2B4FA00E66667 /* digital_art_1024x1024.jpg in Resources */ = {isa = PBXBuildFile; fileRef = 716A4E4E1BE2B4FA00E66667 /* digital_art_1024x1024.jpg */; };
		716A4E651BE2B4FA00E66667 /* glory.jpg in Resources */ = {isa = PBXBuildFile; fileRef = 716A4E4F1BE2B4FA00E66667 /* glory.jpg */; };
		716A4E661BE2B4FA00E66667 /* heavensDeclare.jpg in Resources */ = {isa = PBXBuildFile; fileRef = 716A4E501BE2B4FA00E66667 /* heavensDeclare.jpg */; };
		716A4E671BE2B4FA00E66667 /* IMG_3562.jpg in Resources */ = {isa = PBXBuildFile; fileRef = 716A4E511BE2B4FA00E66667 /* IMG_3562.jpg */; };
		716A4E681BE2B4FA00E66667 /* Outer_space_planets_earth_men_fantasy.jpg in Resources */ = {isa = PBXBuildFile; fileRef = 716A4E521BE2B4FA00E66667 /* Outer_space_planets_earth_men_fantasy.jpg */; };
		716A4E691BE2B4FA00E66667 /* peanuts-anim8.png in Resources */ = {isa = PBXBuildFile; fileRef = 716A4E531BE2B4FA00E66667 /* peanuts-anim8.png */; };
		716A4E6A1BE2B4FA00E66667 /* peanuts-anim7.png in Resources */ = {isa = PBXBuildFile; fileRef = 716A4E541BE2B4FA00E66667 /* peanuts-anim7.png */; };
		716A4E6B1BE2B4FA00E66667 /* peanuts-anim6.png in Resources */ = {isa = PBXBuildFile; fileRef = 716A4E551BE2B4FA00E66667 /* peanuts-anim6.png */; };
		716A4E6C1BE2B4FA00E66667 /* peanuts-anim5.png in Resources */ = {isa = PBXBuildFile; fileRef = 716A4E561BE2B4FA00E66667 /* peanuts-anim5.png */; };
		716A4E6D1BE2B4FA00E66667 /* peanuts-anim4.png in Resources */ = {isa = PBXBuildFile; fileRef = 716A4E571BE2B4FA00E66667 /* peanuts-anim4.png */; };
		716A4E6E1BE2B4FA00E66667 /* peanuts-anim3.png in Resources */ = {isa = PBXBuildFile; fileRef = 716A4E581BE2B4FA00E66667 /* peanuts-anim3.png */; };
		716A4E6F1BE2B4FA00E66667 /* peanuts-anim2.png in Resources */ = {isa = PBXBuildFile; fileRef = 716A4E591BE2B4FA00E66667 /* peanuts-anim2.png */; };
		716A4E701BE2B4FA00E66667 /* peanuts-anim1.png in Resources */ = {isa = PBXBuildFile; fileRef = 716A4E5A1BE2B4FA00E66667 /* peanuts-anim1.png */; };
		716A4E711BE2B4FA00E66667 /* peanuts-anim0.png in Resources */ = {isa = PBXBuildFile; fileRef = 716A4E5B1BE2B4FA00E66667 /* peanuts-anim0.png */; };
		716A4E721BE2B4FA00E66667 /* snoopy-tennis.png in Resources */ = {isa = PBXBuildFile; fileRef = 716A4E5C1BE2B4FA00E66667 /* snoopy-tennis.png */; };
		716A4E731BE2B4FA00E66667 /* space_3d_art_planet_earth_apocalyptic.jpg in Resources */ = {isa = PBXBuildFile; fileRef = 716A4E5D1BE2B4FA00E66667 /* space_3d_art_planet_earth_apocalyptic.jpg */; };
		716A4E741BE2B4FA00E66667 /* sunrise_glory-wide.jpg in Resources */ = {isa = PBXBuildFile; fileRef = 716A4E5E1BE2B4FA00E66667 /* sunrise_glory-wide.jpg */; };
		716A4E761BE2B53100E66667 /* Main.storyboard in Resources */ = {isa = PBXBuildFile; fileRef = 716A4E751BE2B53100E66667 /* Main.storyboard */; };
		716A4E781BE2BA6800E66667 /* ShopViewController.swift in Sources */ = {isa = PBXBuildFile; fileRef = 716A4E771BE2BA6800E66667 /* ShopViewController.swift */; };
		71A827051BE9557900BFAD57 /* User.swift in Sources */ = {isa = PBXBuildFile; fileRef = 71A827041BE9557900BFAD57 /* User.swift */; };
		71A827071BEBD12E00BFAD57 /* spoon.png in Resources */ = {isa = PBXBuildFile; fileRef = 71A827061BEBD12E00BFAD57 /* spoon.png */; };
		71A8270B1BEC342E00BFAD57 /* Comic Sans MS.ttf in Resources */ = {isa = PBXBuildFile; fileRef = 71A8270A1BEC342E00BFAD57 /* Comic Sans MS.ttf */; };
		71A8270C1BEC372E00BFAD57 /* Comic Sans MS Bold.ttf in Resources */ = {isa = PBXBuildFile; fileRef = 71A827091BEC2F1600BFAD57 /* Comic Sans MS Bold.ttf */; };
		71A8270E1BEE939F00BFAD57 /* 1000Credits1-20.png in Resources */ = {isa = PBXBuildFile; fileRef = 71A8270D1BEE939F00BFAD57 /* 1000Credits1-20.png */; };
		71A827101BEE93AF00BFAD57 /* 1000Credits0-20.png in Resources */ = {isa = PBXBuildFile; fileRef = 71A8270F1BEE93AF00BFAD57 /* 1000Credits0-20.png */; };
		71A8271D1BF033C600BFAD57 /* jazzloop2_70.mp3 in Resources */ = {isa = PBXBuildFile; fileRef = 71A827121BF033C600BFAD57 /* jazzloop2_70.mp3 */; };
		71A8271E1BF033C600BFAD57 /* CYMATICS- Science Vs. Music - Nigel Stanford-2.mp3 in Resources */ = {isa = PBXBuildFile; fileRef = 71A827131BF033C600BFAD57 /* CYMATICS- Science Vs. Music - Nigel Stanford-2.mp3 */; };
		71A8271F1BF033C600BFAD57 /* Phil Wickham-Carry My Soul(Live at RELEVANT).mp3 in Resources */ = {isa = PBXBuildFile; fileRef = 71A827141BF033C600BFAD57 /* Phil Wickham-Carry My Soul(Live at RELEVANT).mp3 */; };
		71A827201BF033C600BFAD57 /* Hudson - Chained.mp3 in Resources */ = {isa = PBXBuildFile; fileRef = 71A827151BF033C600BFAD57 /* Hudson - Chained.mp3 */; };
		71A827211BF033C600BFAD57 /* Forrest Gump Soundtrack.mp3 in Resources */ = {isa = PBXBuildFile; fileRef = 71A827161BF033C600BFAD57 /* Forrest Gump Soundtrack.mp3 */; };
		71A827221BF033C600BFAD57 /* Titanic Soundtrack - Rose.mp3 in Resources */ = {isa = PBXBuildFile; fileRef = 71A827171BF033C600BFAD57 /* Titanic Soundtrack - Rose.mp3 */; };
		71A827231BF033C600BFAD57 /* Phil Wickham - This Is Amazing Grace.mp3 in Resources */ = {isa = PBXBuildFile; fileRef = 71A827181BF033C600BFAD57 /* Phil Wickham - This Is Amazing Grace.mp3 */; };
		71A827241BF033C600BFAD57 /* Hillsong United - No Other Name - Oceans (Where Feet May Fail).mp3 in Resources */ = {isa = PBXBuildFile; fileRef = 71A827191BF033C600BFAD57 /* Hillsong United - No Other Name - Oceans (Where Feet May Fail).mp3 */; };
		71A827251BF033C600BFAD57 /* Phil Wickham - At Your Name (Yahweh, Yahweh).mp3 in Resources */ = {isa = PBXBuildFile; fileRef = 71A8271A1BF033C600BFAD57 /* Phil Wickham - At Your Name (Yahweh, Yahweh).mp3 */; };
		71A827261BF033C600BFAD57 /* Yusuf Islam - Peace Train - OUTSTANDING!-2.mp3 in Resources */ = {isa = PBXBuildFile; fileRef = 71A8271B1BF033C600BFAD57 /* Yusuf Islam - Peace Train - OUTSTANDING!-2.mp3 */; };
		71A827271BF033C600BFAD57 /* Titans Spirit(Remember The Titans)-Trevor Rabin.mp3 in Resources */ = {isa = PBXBuildFile; fileRef = 71A8271C1BF033C600BFAD57 /* Titans Spirit(Remember The Titans)-Trevor Rabin.mp3 */; };
		71E44B4E1BF29CD3000869CA /* StoreKit.framework in Frameworks */ = {isa = PBXBuildFile; fileRef = 71E44B4D1BF29CD3000869CA /* StoreKit.framework */; };
/* End PBXBuildFile section */

/* Begin PBXContainerItemProxy section */
		716A4DF41BE29B6E00E66667 /* PBXContainerItemProxy */ = {
			isa = PBXContainerItemProxy;
			containerPortal = 716A4DD71BE29B6D00E66667 /* Project object */;
			proxyType = 1;
			remoteGlobalIDString = 716A4DDE1BE29B6D00E66667;
			remoteInfo = "DropIt DragIt";
		};
		716A4DFF1BE29B6E00E66667 /* PBXContainerItemProxy */ = {
			isa = PBXContainerItemProxy;
			containerPortal = 716A4DD71BE29B6D00E66667 /* Project object */;
			proxyType = 1;
			remoteGlobalIDString = 716A4DDE1BE29B6D00E66667;
			remoteInfo = "DropIt DragIt";
		};
/* End PBXContainerItemProxy section */

/* Begin PBXFileReference section */
		716A4DDF1BE29B6D00E66667 /* DropIt DragIt.app */ = {isa = PBXFileReference; explicitFileType = wrapper.application; includeInIndex = 0; path = "DropIt DragIt.app"; sourceTree = BUILT_PRODUCTS_DIR; };
		716A4DE21BE29B6D00E66667 /* AppDelegate.swift */ = {isa = PBXFileReference; lastKnownFileType = sourcecode.swift; path = AppDelegate.swift; sourceTree = "<group>"; };
		716A4DE41BE29B6D00E66667 /* ViewController.swift */ = {isa = PBXFileReference; lastKnownFileType = sourcecode.swift; path = ViewController.swift; sourceTree = "<group>"; };
		716A4DE91BE29B6D00E66667 /* Assets.xcassets */ = {isa = PBXFileReference; lastKnownFileType = folder.assetcatalog; path = Assets.xcassets; sourceTree = "<group>"; };
		716A4DEC1BE29B6D00E66667 /* Base */ = {isa = PBXFileReference; lastKnownFileType = file.storyboard; name = Base; path = Base.lproj/LaunchScreen.storyboard; sourceTree = "<group>"; };
		716A4DEE1BE29B6D00E66667 /* Info.plist */ = {isa = PBXFileReference; lastKnownFileType = text.plist.xml; path = Info.plist; sourceTree = "<group>"; };
		716A4DF31BE29B6E00E66667 /* DropIt DragItTests.xctest */ = {isa = PBXFileReference; explicitFileType = wrapper.cfbundle; includeInIndex = 0; path = "DropIt DragItTests.xctest"; sourceTree = BUILT_PRODUCTS_DIR; };
		716A4DF71BE29B6E00E66667 /* DropIt_DragItTests.swift */ = {isa = PBXFileReference; lastKnownFileType = sourcecode.swift; path = DropIt_DragItTests.swift; sourceTree = "<group>"; };
		716A4DF91BE29B6E00E66667 /* Info.plist */ = {isa = PBXFileReference; lastKnownFileType = text.plist.xml; path = Info.plist; sourceTree = "<group>"; };
		716A4DFE1BE29B6E00E66667 /* DropIt DragItUITests.xctest */ = {isa = PBXFileReference; explicitFileType = wrapper.cfbundle; includeInIndex = 0; path = "DropIt DragItUITests.xctest"; sourceTree = BUILT_PRODUCTS_DIR; };
		716A4E021BE29B6E00E66667 /* DropIt_DragItUITests.swift */ = {isa = PBXFileReference; lastKnownFileType = sourcecode.swift; path = DropIt_DragItUITests.swift; sourceTree = "<group>"; };
		716A4E041BE29B6E00E66667 /* Info.plist */ = {isa = PBXFileReference; lastKnownFileType = text.plist.xml; path = Info.plist; sourceTree = "<group>"; };
		716A4E101BE29BF100E66667 /* Oval.swift */ = {isa = PBXFileReference; fileEncoding = 4; lastKnownFileType = sourcecode.swift; path = Oval.swift; sourceTree = "<group>"; };
		716A4E121BE29C0200E66667 /* DropItBehavior.swift */ = {isa = PBXFileReference; fileEncoding = 4; lastKnownFileType = sourcecode.swift; path = DropItBehavior.swift; sourceTree = "<group>"; };
		716A4E131BE29C0200E66667 /* DropItViewController.swift */ = {isa = PBXFileReference; fileEncoding = 4; lastKnownFileType = sourcecode.swift; path = DropItViewController.swift; sourceTree = "<group>"; };
		716A4E141BE29C0200E66667 /* BezierPathView.swift */ = {isa = PBXFileReference; fileEncoding = 4; lastKnownFileType = sourcecode.swift; path = BezierPathView.swift; sourceTree = "<group>"; };
		716A4E181BE29D5600E66667 /* README.txt */ = {isa = PBXFileReference; fileEncoding = 4; lastKnownFileType = text; path = README.txt; sourceTree = "<group>"; };
		716A4E191BE29D5600E66667 /* LICENSE */ = {isa = PBXFileReference; fileEncoding = 4; lastKnownFileType = text; path = LICENSE; sourceTree = "<group>"; };
		716A4E1D1BE2B23600E66667 /* iTunesArtwork */ = {isa = PBXFileReference; lastKnownFileType = file; path = iTunesArtwork; sourceTree = "<group>"; };
		716A4E1E1BE2B23600E66667 /* iTunesArtwork@2x */ = {isa = PBXFileReference; lastKnownFileType = file; path = "iTunesArtwork@2x"; sourceTree = "<group>"; };
		716A4E201BE2B25A00E66667 /* Icon-60@2x.png */ = {isa = PBXFileReference; lastKnownFileType = image.png; path = "Icon-60@2x.png"; sourceTree = "<group>"; };
		716A4E211BE2B25A00E66667 /* Icon-60@3x.png */ = {isa = PBXFileReference; lastKnownFileType = image.png; path = "Icon-60@3x.png"; sourceTree = "<group>"; };
		716A4E221BE2B25A00E66667 /* Icon-76.png */ = {isa = PBXFileReference; lastKnownFileType = image.png; path = "Icon-76.png"; sourceTree = "<group>"; };
		716A4E231BE2B25A00E66667 /* Icon-76@2x.png */ = {isa = PBXFileReference; lastKnownFileType = image.png; path = "Icon-76@2x.png"; sourceTree = "<group>"; };
		716A4E241BE2B25A00E66667 /* Icon-Small-40.png */ = {isa = PBXFileReference; lastKnownFileType = image.png; path = "Icon-Small-40.png"; sourceTree = "<group>"; };
		716A4E251BE2B25A00E66667 /* Icon-Small-40@2x.png */ = {isa = PBXFileReference; lastKnownFileType = image.png; path = "Icon-Small-40@2x.png"; sourceTree = "<group>"; };
		716A4E261BE2B25A00E66667 /* Icon-Small-40@3x.png */ = {isa = PBXFileReference; lastKnownFileType = image.png; path = "Icon-Small-40@3x.png"; sourceTree = "<group>"; };
		716A4E271BE2B25A00E66667 /* Icon-Small.png */ = {isa = PBXFileReference; lastKnownFileType = image.png; path = "Icon-Small.png"; sourceTree = "<group>"; };
		716A4E281BE2B25A00E66667 /* Icon-Small@2x.png */ = {isa = PBXFileReference; lastKnownFileType = image.png; path = "Icon-Small@2x.png"; sourceTree = "<group>"; };
		716A4E291BE2B25A00E66667 /* Icon-Small@3x.png */ = {isa = PBXFileReference; lastKnownFileType = image.png; path = "Icon-Small@3x.png"; sourceTree = "<group>"; };
		716A4E351BE2B28C00E66667 /* 1000CreditsSWars1.png */ = {isa = PBXFileReference; lastKnownFileType = image.png; path = 1000CreditsSWars1.png; sourceTree = "<group>"; };
		716A4E361BE2B28C00E66667 /* 1000Credits2-20.png */ = {isa = PBXFileReference; lastKnownFileType = image.png; path = "1000Credits2-20.png"; sourceTree = "<group>"; };
		716A4E371BE2B28C00E66667 /* arrow_down.png */ = {isa = PBXFileReference; lastKnownFileType = image.png; path = arrow_down.png; sourceTree = "<group>"; };
		716A4E381BE2B28C00E66667 /* arrow_down@2x.png */ = {isa = PBXFileReference; lastKnownFileType = image.png; path = "arrow_down@2x.png"; sourceTree = "<group>"; };
		716A4E391BE2B28C00E66667 /* arrow_down@3x.png */ = {isa = PBXFileReference; lastKnownFileType = image.png; path = "arrow_down@3x.png"; sourceTree = "<group>"; };
		716A4E3A1BE2B28C00E66667 /* arrow_up.png */ = {isa = PBXFileReference; lastKnownFileType = image.png; path = arrow_up.png; sourceTree = "<group>"; };
		716A4E411BE2B2CE00E66667 /* DragItViewController.swift */ = {isa = PBXFileReference; fileEncoding = 4; lastKnownFileType = sourcecode.swift; path = DragItViewController.swift; sourceTree = "<group>"; };
		716A4E421BE2B2CE00E66667 /* CircleView.swift */ = {isa = PBXFileReference; fileEncoding = 4; lastKnownFileType = sourcecode.swift; path = CircleView.swift; sourceTree = "<group>"; };
		716A4E431BE2B2CE00E66667 /* IAPHelper.swift */ = {isa = PBXFileReference; fileEncoding = 4; lastKnownFileType = sourcecode.swift; path = IAPHelper.swift; sourceTree = "<group>"; };
		716A4E471BE2B47D00E66667 /* Settings.swift */ = {isa = PBXFileReference; fileEncoding = 4; lastKnownFileType = sourcecode.swift; path = Settings.swift; sourceTree = "<group>"; };
		716A4E491BE2B4FA00E66667 /* aurora-6-iss-150318.jpg */ = {isa = PBXFileReference; lastKnownFileType = image.jpeg; path = "aurora-6-iss-150318.jpg"; sourceTree = "<group>"; };
		716A4E4A1BE2B4FA00E66667 /* badge-git-real-5d91905b69d46286cab389797ea81983.png */ = {isa = PBXFileReference; lastKnownFileType = image.png; path = "badge-git-real-5d91905b69d46286cab389797ea81983.png"; sourceTree = "<group>"; };
		716A4E4B1BE2B4FA00E66667 /* Black_hole2048.jpg */ = {isa = PBXFileReference; lastKnownFileType = image.jpeg; path = Black_hole2048.jpg; sourceTree = "<group>"; };
		716A4E4C1BE2B4FA00E66667 /* bluePlanet.jpg */ = {isa = PBXFileReference; lastKnownFileType = image.jpeg; path = bluePlanet.jpg; sourceTree = "<group>"; };
		716A4E4D1BE2B4FA00E66667 /* Clouds_outer_space_planets_earth.jpg */ = {isa = PBXFileReference; lastKnownFileType = image.jpeg; path = Clouds_outer_space_planets_earth.jpg; sourceTree = "<group>"; };
		716A4E4E1BE2B4FA00E66667 /* digital_art_1024x1024.jpg */ = {isa = PBXFileReference; lastKnownFileType = image.jpeg; path = digital_art_1024x1024.jpg; sourceTree = "<group>"; };
		716A4E4F1BE2B4FA00E66667 /* glory.jpg */ = {isa = PBXFileReference; lastKnownFileType = image.jpeg; path = glory.jpg; sourceTree = "<group>"; };
		716A4E501BE2B4FA00E66667 /* heavensDeclare.jpg */ = {isa = PBXFileReference; lastKnownFileType = image.jpeg; path = heavensDeclare.jpg; sourceTree = "<group>"; };
		716A4E511BE2B4FA00E66667 /* IMG_3562.jpg */ = {isa = PBXFileReference; lastKnownFileType = image.jpeg; path = IMG_3562.jpg; sourceTree = "<group>"; };
		716A4E521BE2B4FA00E66667 /* Outer_space_planets_earth_men_fantasy.jpg */ = {isa = PBXFileReference; lastKnownFileType = image.jpeg; path = Outer_space_planets_earth_men_fantasy.jpg; sourceTree = "<group>"; };
		716A4E531BE2B4FA00E66667 /* peanuts-anim8.png */ = {isa = PBXFileReference; lastKnownFileType = image.png; path = "peanuts-anim8.png"; sourceTree = "<group>"; };
		716A4E541BE2B4FA00E66667 /* peanuts-anim7.png */ = {isa = PBXFileReference; lastKnownFileType = image.png; path = "peanuts-anim7.png"; sourceTree = "<group>"; };
		716A4E551BE2B4FA00E66667 /* peanuts-anim6.png */ = {isa = PBXFileReference; lastKnownFileType = image.png; path = "peanuts-anim6.png"; sourceTree = "<group>"; };
		716A4E561BE2B4FA00E66667 /* peanuts-anim5.png */ = {isa = PBXFileReference; lastKnownFileType = image.png; path = "peanuts-anim5.png"; sourceTree = "<group>"; };
		716A4E571BE2B4FA00E66667 /* peanuts-anim4.png */ = {isa = PBXFileReference; lastKnownFileType = image.png; path = "peanuts-anim4.png"; sourceTree = "<group>"; };
		716A4E581BE2B4FA00E66667 /* peanuts-anim3.png */ = {isa = PBXFileReference; lastKnownFileType = image.png; path = "peanuts-anim3.png"; sourceTree = "<group>"; };
		716A4E591BE2B4FA00E66667 /* peanuts-anim2.png */ = {isa = PBXFileReference; lastKnownFileType = image.png; path = "peanuts-anim2.png"; sourceTree = "<group>"; };
		716A4E5A1BE2B4FA00E66667 /* peanuts-anim1.png */ = {isa = PBXFileReference; lastKnownFileType = image.png; path = "peanuts-anim1.png"; sourceTree = "<group>"; };
		716A4E5B1BE2B4FA00E66667 /* peanuts-anim0.png */ = {isa = PBXFileReference; lastKnownFileType = image.png; path = "peanuts-anim0.png"; sourceTree = "<group>"; };
		716A4E5C1BE2B4FA00E66667 /* snoopy-tennis.png */ = {isa = PBXFileReference; lastKnownFileType = image.png; path = "snoopy-tennis.png"; sourceTree = "<group>"; };
		716A4E5D1BE2B4FA00E66667 /* space_3d_art_planet_earth_apocalyptic.jpg */ = {isa = PBXFileReference; lastKnownFileType = image.jpeg; path = space_3d_art_planet_earth_apocalyptic.jpg; sourceTree = "<group>"; };
		716A4E5E1BE2B4FA00E66667 /* sunrise_glory-wide.jpg */ = {isa = PBXFileReference; lastKnownFileType = image.jpeg; path = "sunrise_glory-wide.jpg"; sourceTree = "<group>"; };
		716A4E751BE2B53100E66667 /* Main.storyboard */ = {isa = PBXFileReference; fileEncoding = 4; lastKnownFileType = file.storyboard; path = Main.storyboard; sourceTree = "<group>"; };
		716A4E771BE2BA6800E66667 /* ShopViewController.swift */ = {isa = PBXFileReference; fileEncoding = 4; lastKnownFileType = sourcecode.swift; path = ShopViewController.swift; sourceTree = "<group>"; };
		71A827041BE9557900BFAD57 /* User.swift */ = {isa = PBXFileReference; fileEncoding = 4; lastKnownFileType = sourcecode.swift; path = User.swift; sourceTree = "<group>"; };
		71A827061BEBD12E00BFAD57 /* spoon.png */ = {isa = PBXFileReference; lastKnownFileType = image.png; path = spoon.png; sourceTree = "<group>"; };
		71A827091BEC2F1600BFAD57 /* Comic Sans MS Bold.ttf */ = {isa = PBXFileReference; lastKnownFileType = file; path = "Comic Sans MS Bold.ttf"; sourceTree = "<group>"; };
		71A8270A1BEC342E00BFAD57 /* Comic Sans MS.ttf */ = {isa = PBXFileReference; lastKnownFileType = file; path = "Comic Sans MS.ttf"; sourceTree = "<group>"; };
		71A8270D1BEE939F00BFAD57 /* 1000Credits1-20.png */ = {isa = PBXFileReference; lastKnownFileType = image.png; path = "1000Credits1-20.png"; sourceTree = "<group>"; };
		71A8270F1BEE93AF00BFAD57 /* 1000Credits0-20.png */ = {isa = PBXFileReference; lastKnownFileType = image.png; path = "1000Credits0-20.png"; sourceTree = "<group>"; };
		71A827121BF033C600BFAD57 /* jazzloop2_70.mp3 */ = {isa = PBXFileReference; lastKnownFileType = audio.mp3; path = jazzloop2_70.mp3; sourceTree = "<group>"; };
		71A827131BF033C600BFAD57 /* CYMATICS- Science Vs. Music - Nigel Stanford-2.mp3 */ = {isa = PBXFileReference; lastKnownFileType = audio.mp3; path = "CYMATICS- Science Vs. Music - Nigel Stanford-2.mp3"; sourceTree = "<group>"; };
		71A827141BF033C600BFAD57 /* Phil Wickham-Carry My Soul(Live at RELEVANT).mp3 */ = {isa = PBXFileReference; lastKnownFileType = audio.mp3; path = "Phil Wickham-Carry My Soul(Live at RELEVANT).mp3"; sourceTree = "<group>"; };
		71A827151BF033C600BFAD57 /* Hudson - Chained.mp3 */ = {isa = PBXFileReference; lastKnownFileType = audio.mp3; path = "Hudson - Chained.mp3"; sourceTree = "<group>"; };
		71A827161BF033C600BFAD57 /* Forrest Gump Soundtrack.mp3 */ = {isa = PBXFileReference; lastKnownFileType = audio.mp3; path = "Forrest Gump Soundtrack.mp3"; sourceTree = "<group>"; };
		71A827171BF033C600BFAD57 /* Titanic Soundtrack - Rose.mp3 */ = {isa = PBXFileReference; lastKnownFileType = audio.mp3; path = "Titanic Soundtrack - Rose.mp3"; sourceTree = "<group>"; };
		71A827181BF033C600BFAD57 /* Phil Wickham - This Is Amazing Grace.mp3 */ = {isa = PBXFileReference; lastKnownFileType = audio.mp3; path = "Phil Wickham - This Is Amazing Grace.mp3"; sourceTree = "<group>"; };
		71A827191BF033C600BFAD57 /* Hillsong United - No Other Name - Oceans (Where Feet May Fail).mp3 */ = {isa = PBXFileReference; lastKnownFileType = audio.mp3; path = "Hillsong United - No Other Name - Oceans (Where Feet May Fail).mp3"; sourceTree = "<group>"; };
		71A8271A1BF033C600BFAD57 /* Phil Wickham - At Your Name (Yahweh, Yahweh).mp3 */ = {isa = PBXFileReference; lastKnownFileType = audio.mp3; path = "Phil Wickham - At Your Name (Yahweh, Yahweh).mp3"; sourceTree = "<group>"; };
		71A8271B1BF033C600BFAD57 /* Yusuf Islam - Peace Train - OUTSTANDING!-2.mp3 */ = {isa = PBXFileReference; lastKnownFileType = audio.mp3; path = "Yusuf Islam - Peace Train - OUTSTANDING!-2.mp3"; sourceTree = "<group>"; };
		71A8271C1BF033C600BFAD57 /* Titans Spirit(Remember The Titans)-Trevor Rabin.mp3 */ = {isa = PBXFileReference; lastKnownFileType = audio.mp3; path = "Titans Spirit(Remember The Titans)-Trevor Rabin.mp3"; sourceTree = "<group>"; };
		71E44B4D1BF29CD3000869CA /* StoreKit.framework */ = {isa = PBXFileReference; lastKnownFileType = wrapper.framework; name = StoreKit.framework; path = System/Library/Frameworks/StoreKit.framework; sourceTree = SDKROOT; };
/* End PBXFileReference section */

/* Begin PBXFrameworksBuildPhase section */
		716A4DDC1BE29B6D00E66667 /* Frameworks */ = {
			isa = PBXFrameworksBuildPhase;
			buildActionMask = 2147483647;
			files = (
				71E44B4E1BF29CD3000869CA /* StoreKit.framework in Frameworks */,
			);
			runOnlyForDeploymentPostprocessing = 0;
		};
		716A4DF01BE29B6E00E66667 /* Frameworks */ = {
			isa = PBXFrameworksBuildPhase;
			buildActionMask = 2147483647;
			files = (
			);
			runOnlyForDeploymentPostprocessing = 0;
		};
		716A4DFB1BE29B6E00E66667 /* Frameworks */ = {
			isa = PBXFrameworksBuildPhase;
			buildActionMask = 2147483647;
			files = (
			);
			runOnlyForDeploymentPostprocessing = 0;
		};
/* End PBXFrameworksBuildPhase section */

/* Begin PBXGroup section */
		716A4DD61BE29B6D00E66667 = {
			isa = PBXGroup;
			children = (
				71E44B4D1BF29CD3000869CA /* StoreKit.framework */,
				716A4DE11BE29B6D00E66667 /* DropIt DragIt */,
				716A4E1C1BE2B21D00E66667 /* Assets */,
				716A4DF61BE29B6E00E66667 /* DropIt DragItTests */,
				716A4E011BE29B6E00E66667 /* DropIt DragItUITests */,
				716A4DE01BE29B6D00E66667 /* Products */,
			);
			sourceTree = "<group>";
		};
		716A4DE01BE29B6D00E66667 /* Products */ = {
			isa = PBXGroup;
			children = (
				716A4DDF1BE29B6D00E66667 /* DropIt DragIt.app */,
				716A4DF31BE29B6E00E66667 /* DropIt DragItTests.xctest */,
				716A4DFE1BE29B6E00E66667 /* DropIt DragItUITests.xctest */,
			);
			name = Products;
			sourceTree = "<group>";
		};
		716A4DE11BE29B6D00E66667 /* DropIt DragIt */ = {
			isa = PBXGroup;
			children = (
				716A4E181BE29D5600E66667 /* README.txt */,
				716A4E191BE29D5600E66667 /* LICENSE */,
				716A4DE21BE29B6D00E66667 /* AppDelegate.swift */,
				716A4E141BE29C0200E66667 /* BezierPathView.swift */,
				716A4E121BE29C0200E66667 /* DropItBehavior.swift */,
				716A4E131BE29C0200E66667 /* DropItViewController.swift */,
				716A4DE91BE29B6D00E66667 /* Assets.xcassets */,
				716A4E751BE2B53100E66667 /* Main.storyboard */,
				716A4E411BE2B2CE00E66667 /* DragItViewController.swift */,
				716A4E421BE2B2CE00E66667 /* CircleView.swift */,
				716A4E431BE2B2CE00E66667 /* IAPHelper.swift */,
				716A4E471BE2B47D00E66667 /* Settings.swift */,
				716A4E771BE2BA6800E66667 /* ShopViewController.swift */,
				716A4DEB1BE29B6D00E66667 /* LaunchScreen.storyboard */,
				71A827041BE9557900BFAD57 /* User.swift */,
				716A4E101BE29BF100E66667 /* Oval.swift */,
				716A4DE41BE29B6D00E66667 /* ViewController.swift */,
				716A4DEE1BE29B6D00E66667 /* Info.plist */,
			);
			path = "DropIt DragIt";
			sourceTree = "<group>";
		};
		716A4DF61BE29B6E00E66667 /* DropIt DragItTests */ = {
			isa = PBXGroup;
			children = (
				716A4DF71BE29B6E00E66667 /* DropIt_DragItTests.swift */,
				716A4DF91BE29B6E00E66667 /* Info.plist */,
			);
			path = "DropIt DragItTests";
			sourceTree = "<group>";
		};
		716A4E011BE29B6E00E66667 /* DropIt DragItUITests */ = {
			isa = PBXGroup;
			children = (
				716A4E021BE29B6E00E66667 /* DropIt_DragItUITests.swift */,
				716A4E041BE29B6E00E66667 /* Info.plist */,
			);
			path = "DropIt DragItUITests";
			sourceTree = "<group>";
		};
		716A4E1C1BE2B21D00E66667 /* Assets */ = {
			isa = PBXGroup;
			children = (
				716A4E1D1BE2B23600E66667 /* iTunesArtwork */,
				716A4E1E1BE2B23600E66667 /* iTunesArtwork@2x */,
				71A827111BF033A500BFAD57 /* Audio */,
				71A827081BEC2F0200BFAD57 /* Fonts */,
				716A4E1F1BE2B24600E66667 /* Icons */,
				716A4E341BE2B27200E66667 /* Images */,
			);
			name = Assets;
			sourceTree = "<group>";
		};
		716A4E1F1BE2B24600E66667 /* Icons */ = {
			isa = PBXGroup;
			children = (
				716A4E201BE2B25A00E66667 /* Icon-60@2x.png */,
				716A4E211BE2B25A00E66667 /* Icon-60@3x.png */,
				716A4E221BE2B25A00E66667 /* Icon-76.png */,
				716A4E231BE2B25A00E66667 /* Icon-76@2x.png */,
				716A4E241BE2B25A00E66667 /* Icon-Small-40.png */,
				716A4E251BE2B25A00E66667 /* Icon-Small-40@2x.png */,
				716A4E261BE2B25A00E66667 /* Icon-Small-40@3x.png */,
				716A4E271BE2B25A00E66667 /* Icon-Small.png */,
				716A4E281BE2B25A00E66667 /* Icon-Small@2x.png */,
				716A4E291BE2B25A00E66667 /* Icon-Small@3x.png */,
			);
			name = Icons;
			sourceTree = "<group>";
		};
		716A4E341BE2B27200E66667 /* Images */ = {
			isa = PBXGroup;
			children = (
				71A827061BEBD12E00BFAD57 /* spoon.png */,
				716A4E351BE2B28C00E66667 /* 1000CreditsSWars1.png */,
				71A8270F1BEE93AF00BFAD57 /* 1000Credits0-20.png */,
				71A8270D1BEE939F00BFAD57 /* 1000Credits1-20.png */,
				716A4E361BE2B28C00E66667 /* 1000Credits2-20.png */,
				716A4E371BE2B28C00E66667 /* arrow_down.png */,
				716A4E381BE2B28C00E66667 /* arrow_down@2x.png */,
				716A4E391BE2B28C00E66667 /* arrow_down@3x.png */,
				716A4E3A1BE2B28C00E66667 /* arrow_up.png */,
				716A4E491BE2B4FA00E66667 /* aurora-6-iss-150318.jpg */,
				716A4E4A1BE2B4FA00E66667 /* badge-git-real-5d91905b69d46286cab389797ea81983.png */,
				716A4E4B1BE2B4FA00E66667 /* Black_hole2048.jpg */,
				716A4E4C1BE2B4FA00E66667 /* bluePlanet.jpg */,
				716A4E4D1BE2B4FA00E66667 /* Clouds_outer_space_planets_earth.jpg */,
				716A4E4E1BE2B4FA00E66667 /* digital_art_1024x1024.jpg */,
				716A4E4F1BE2B4FA00E66667 /* glory.jpg */,
				716A4E501BE2B4FA00E66667 /* heavensDeclare.jpg */,
				716A4E511BE2B4FA00E66667 /* IMG_3562.jpg */,
				716A4E521BE2B4FA00E66667 /* Outer_space_planets_earth_men_fantasy.jpg */,
				716A4E531BE2B4FA00E66667 /* peanuts-anim8.png */,
				716A4E541BE2B4FA00E66667 /* peanuts-anim7.png */,
				716A4E551BE2B4FA00E66667 /* peanuts-anim6.png */,
				716A4E561BE2B4FA00E66667 /* peanuts-anim5.png */,
				716A4E571BE2B4FA00E66667 /* peanuts-anim4.png */,
				716A4E581BE2B4FA00E66667 /* peanuts-anim3.png */,
				716A4E591BE2B4FA00E66667 /* peanuts-anim2.png */,
				716A4E5A1BE2B4FA00E66667 /* peanuts-anim1.png */,
				716A4E5B1BE2B4FA00E66667 /* peanuts-anim0.png */,
				716A4E5C1BE2B4FA00E66667 /* snoopy-tennis.png */,
				716A4E5D1BE2B4FA00E66667 /* space_3d_art_planet_earth_apocalyptic.jpg */,
				716A4E5E1BE2B4FA00E66667 /* sunrise_glory-wide.jpg */,
			);
			name = Images;
			sourceTree = "<group>";
		};
		71A827081BEC2F0200BFAD57 /* Fonts */ = {
			isa = PBXGroup;
			children = (
				71A827091BEC2F1600BFAD57 /* Comic Sans MS Bold.ttf */,
				71A8270A1BEC342E00BFAD57 /* Comic Sans MS.ttf */,
			);
			name = Fonts;
			sourceTree = "<group>";
		};
		71A827111BF033A500BFAD57 /* Audio */ = {
			isa = PBXGroup;
			children = (
				71A827121BF033C600BFAD57 /* jazzloop2_70.mp3 */,
				71A827131BF033C600BFAD57 /* CYMATICS- Science Vs. Music - Nigel Stanford-2.mp3 */,
				71A827141BF033C600BFAD57 /* Phil Wickham-Carry My Soul(Live at RELEVANT).mp3 */,
				71A827151BF033C600BFAD57 /* Hudson - Chained.mp3 */,
				71A827161BF033C600BFAD57 /* Forrest Gump Soundtrack.mp3 */,
				71A827171BF033C600BFAD57 /* Titanic Soundtrack - Rose.mp3 */,
				71A827181BF033C600BFAD57 /* Phil Wickham - This Is Amazing Grace.mp3 */,
				71A827191BF033C600BFAD57 /* Hillsong United - No Other Name - Oceans (Where Feet May Fail).mp3 */,
				71A8271A1BF033C600BFAD57 /* Phil Wickham - At Your Name (Yahweh, Yahweh).mp3 */,
				71A8271B1BF033C600BFAD57 /* Yusuf Islam - Peace Train - OUTSTANDING!-2.mp3 */,
				71A8271C1BF033C600BFAD57 /* Titans Spirit(Remember The Titans)-Trevor Rabin.mp3 */,
			);
			name = Audio;
			sourceTree = "<group>";
		};
/* End PBXGroup section */

/* Begin PBXNativeTarget section */
		716A4DDE1BE29B6D00E66667 /* DropIt DragIt */ = {
			isa = PBXNativeTarget;
			buildConfigurationList = 716A4E071BE29B6E00E66667 /* Build configuration list for PBXNativeTarget "DropIt DragIt" */;
			buildPhases = (
				716A4DDB1BE29B6D00E66667 /* Sources */,
				716A4DDC1BE29B6D00E66667 /* Frameworks */,
				716A4DDD1BE29B6D00E66667 /* Resources */,
			);
			buildRules = (
			);
			dependencies = (
			);
			name = "DropIt DragIt";
			productName = "DropIt DragIt";
			productReference = 716A4DDF1BE29B6D00E66667 /* DropIt DragIt.app */;
			productType = "com.apple.product-type.application";
		};
		716A4DF21BE29B6E00E66667 /* DropIt DragItTests */ = {
			isa = PBXNativeTarget;
			buildConfigurationList = 716A4E0A1BE29B6E00E66667 /* Build configuration list for PBXNativeTarget "DropIt DragItTests" */;
			buildPhases = (
				716A4DEF1BE29B6E00E66667 /* Sources */,
				716A4DF01BE29B6E00E66667 /* Frameworks */,
				716A4DF11BE29B6E00E66667 /* Resources */,
			);
			buildRules = (
			);
			dependencies = (
				716A4DF51BE29B6E00E66667 /* PBXTargetDependency */,
			);
			name = "DropIt DragItTests";
			productName = "DropIt DragItTests";
			productReference = 716A4DF31BE29B6E00E66667 /* DropIt DragItTests.xctest */;
			productType = "com.apple.product-type.bundle.unit-test";
		};
		716A4DFD1BE29B6E00E66667 /* DropIt DragItUITests */ = {
			isa = PBXNativeTarget;
			buildConfigurationList = 716A4E0D1BE29B6E00E66667 /* Build configuration list for PBXNativeTarget "DropIt DragItUITests" */;
			buildPhases = (
				716A4DFA1BE29B6E00E66667 /* Sources */,
				716A4DFB1BE29B6E00E66667 /* Frameworks */,
				716A4DFC1BE29B6E00E66667 /* Resources */,
			);
			buildRules = (
			);
			dependencies = (
				716A4E001BE29B6E00E66667 /* PBXTargetDependency */,
			);
			name = "DropIt DragItUITests";
			productName = "DropIt DragItUITests";
			productReference = 716A4DFE1BE29B6E00E66667 /* DropIt DragItUITests.xctest */;
			productType = "com.apple.product-type.bundle.ui-testing";
		};
/* End PBXNativeTarget section */

/* Begin PBXProject section */
		716A4DD71BE29B6D00E66667 /* Project object */ = {
			isa = PBXProject;
			attributes = {
				LastSwiftUpdateCheck = 0710;
				LastUpgradeCheck = 0710;
				ORGANIZATIONNAME = "iMac 27";
				TargetAttributes = {
					716A4DDE1BE29B6D00E66667 = {
						CreatedOnToolsVersion = 7.1;
						DevelopmentTeam = 7P9362E76E;
						SystemCapabilities = {
							com.apple.InAppPurchase = {
								enabled = 1;
							};
						};
					};
					716A4DF21BE29B6E00E66667 = {
						CreatedOnToolsVersion = 7.1;
						TestTargetID = 716A4DDE1BE29B6D00E66667;
					};
					716A4DFD1BE29B6E00E66667 = {
						CreatedOnToolsVersion = 7.1;
						TestTargetID = 716A4DDE1BE29B6D00E66667;
					};
				};
			};
			buildConfigurationList = 716A4DDA1BE29B6D00E66667 /* Build configuration list for PBXProject "DropIt DragIt" */;
			compatibilityVersion = "Xcode 3.2";
			developmentRegion = English;
			hasScannedForEncodings = 0;
			knownRegions = (
				en,
				Base,
			);
			mainGroup = 716A4DD61BE29B6D00E66667;
			productRefGroup = 716A4DE01BE29B6D00E66667 /* Products */;
			projectDirPath = "";
			projectRoot = "";
			targets = (
				716A4DDE1BE29B6D00E66667 /* DropIt DragIt */,
				716A4DF21BE29B6E00E66667 /* DropIt DragItTests */,
				716A4DFD1BE29B6E00E66667 /* DropIt DragItUITests */,
			);
		};
/* End PBXProject section */

/* Begin PBXResourcesBuildPhase section */
		716A4DDD1BE29B6D00E66667 /* Resources */ = {
			isa = PBXResourcesBuildPhase;
			buildActionMask = 2147483647;
			files = (
				71A8270C1BEC372E00BFAD57 /* Comic Sans MS Bold.ttf in Resources */,
				716A4E621BE2B4FA00E66667 /* bluePlanet.jpg in Resources */,
				716A4E701BE2B4FA00E66667 /* peanuts-anim1.png in Resources */,
				716A4E6A1BE2B4FA00E66667 /* peanuts-anim7.png in Resources */,
				71A827101BEE93AF00BFAD57 /* 1000Credits0-20.png in Resources */,
				716A4DED1BE29B6D00E66667 /* LaunchScreen.storyboard in Resources */,
				716A4E641BE2B4FA00E66667 /* digital_art_1024x1024.jpg in Resources */,
				716A4E6C1BE2B4FA00E66667 /* peanuts-anim5.png in Resources */,
				71A827201BF033C600BFAD57 /* Hudson - Chained.mp3 in Resources */,
				716A4E2D1BE2B25A00E66667 /* Icon-76@2x.png in Resources */,
				716A4E2E1BE2B25A00E66667 /* Icon-Small-40.png in Resources */,
				716A4E611BE2B4FA00E66667 /* Black_hole2048.jpg in Resources */,
				716A4E681BE2B4FA00E66667 /* Outer_space_planets_earth_men_fantasy.jpg in Resources */,
				71A827221BF033C600BFAD57 /* Titanic Soundtrack - Rose.mp3 in Resources */,
				71A8270B1BEC342E00BFAD57 /* Comic Sans MS.ttf in Resources */,
				716A4E331BE2B25A00E66667 /* Icon-Small@3x.png in Resources */,
				716A4E6D1BE2B4FA00E66667 /* peanuts-anim4.png in Resources */,
				716A4E311BE2B25A00E66667 /* Icon-Small.png in Resources */,
				716A4E2C1BE2B25A00E66667 /* Icon-76.png in Resources */,
				71A827071BEBD12E00BFAD57 /* spoon.png in Resources */,
				71A8270E1BEE939F00BFAD57 /* 1000Credits1-20.png in Resources */,
				71A827271BF033C600BFAD57 /* Titans Spirit(Remember The Titans)-Trevor Rabin.mp3 in Resources */,
				71A8271D1BF033C600BFAD57 /* jazzloop2_70.mp3 in Resources */,
				716A4E711BE2B4FA00E66667 /* peanuts-anim0.png in Resources */,
				71A8271F1BF033C600BFAD57 /* Phil Wickham-Carry My Soul(Live at RELEVANT).mp3 in Resources */,
				716A4DEA1BE29B6D00E66667 /* Assets.xcassets in Resources */,
				716A4E741BE2B4FA00E66667 /* sunrise_glory-wide.jpg in Resources */,
				71A827211BF033C600BFAD57 /* Forrest Gump Soundtrack.mp3 in Resources */,
				716A4E731BE2B4FA00E66667 /* space_3d_art_planet_earth_apocalyptic.jpg in Resources */,
				716A4E2F1BE2B25A00E66667 /* Icon-Small-40@2x.png in Resources */,
				716A4E3B1BE2B28C00E66667 /* 1000CreditsSWars1.png in Resources */,
				716A4E6F1BE2B4FA00E66667 /* peanuts-anim2.png in Resources */,
				716A4E1A1BE29D5600E66667 /* README.txt in Resources */,
				716A4E691BE2B4FA00E66667 /* peanuts-anim8.png in Resources */,
				716A4E651BE2B4FA00E66667 /* glory.jpg in Resources */,
				716A4E661BE2B4FA00E66667 /* heavensDeclare.jpg in Resources */,
				716A4E671BE2B4FA00E66667 /* IMG_3562.jpg in Resources */,
				71A8271E1BF033C600BFAD57 /* CYMATICS- Science Vs. Music - Nigel Stanford-2.mp3 in Resources */,
				71A827251BF033C600BFAD57 /* Phil Wickham - At Your Name (Yahweh, Yahweh).mp3 in Resources */,
				716A4E5F1BE2B4FA00E66667 /* aurora-6-iss-150318.jpg in Resources */,
				716A4E761BE2B53100E66667 /* Main.storyboard in Resources */,
				716A4E401BE2B28C00E66667 /* arrow_up.png in Resources */,
				716A4E6B1BE2B4FA00E66667 /* peanuts-anim6.png in Resources */,
				716A4E6E1BE2B4FA00E66667 /* peanuts-anim3.png in Resources */,
				71A827231BF033C600BFAD57 /* Phil Wickham - This Is Amazing Grace.mp3 in Resources */,
				716A4E721BE2B4FA00E66667 /* snoopy-tennis.png in Resources */,
				716A4E2B1BE2B25A00E66667 /* Icon-60@3x.png in Resources */,
				71A827261BF033C600BFAD57 /* Yusuf Islam - Peace Train - OUTSTANDING!-2.mp3 in Resources */,
				716A4E3C1BE2B28C00E66667 /* 1000Credits2-20.png in Resources */,
				716A4E3F1BE2B28C00E66667 /* arrow_down@3x.png in Resources */,
				716A4E3D1BE2B28C00E66667 /* arrow_down.png in Resources */,
				716A4E631BE2B4FA00E66667 /* Clouds_outer_space_planets_earth.jpg in Resources */,
				716A4E3E1BE2B28C00E66667 /* arrow_down@2x.png in Resources */,
				716A4E1B1BE29D5600E66667 /* LICENSE in Resources */,
				71A827241BF033C600BFAD57 /* Hillsong United - No Other Name - Oceans (Where Feet May Fail).mp3 in Resources */,
				716A4E301BE2B25A00E66667 /* Icon-Small-40@3x.png in Resources */,
				716A4E2A1BE2B25A00E66667 /* Icon-60@2x.png in Resources */,
				716A4E601BE2B4FA00E66667 /* badge-git-real-5d91905b69d46286cab389797ea81983.png in Resources */,
				716A4E321BE2B25A00E66667 /* Icon-Small@2x.png in Resources */,
			);
			runOnlyForDeploymentPostprocessing = 0;
		};
		716A4DF11BE29B6E00E66667 /* Resources */ = {
			isa = PBXResourcesBuildPhase;
			buildActionMask = 2147483647;
			files = (
			);
			runOnlyForDeploymentPostprocessing = 0;
		};
		716A4DFC1BE29B6E00E66667 /* Resources */ = {
			isa = PBXResourcesBuildPhase;
			buildActionMask = 2147483647;
			files = (
			);
			runOnlyForDeploymentPostprocessing = 0;
		};
/* End PBXResourcesBuildPhase section */

/* Begin PBXSourcesBuildPhase section */
		716A4DDB1BE29B6D00E66667 /* Sources */ = {
			isa = PBXSourcesBuildPhase;
			buildActionMask = 2147483647;
			files = (
				716A4E451BE2B2CE00E66667 /* CircleView.swift in Sources */,
				716A4E111BE29BF100E66667 /* Oval.swift in Sources */,
				716A4E781BE2BA6800E66667 /* ShopViewController.swift in Sources */,
				716A4E441BE2B2CE00E66667 /* DragItViewController.swift in Sources */,
				716A4E151BE29C0200E66667 /* DropItBehavior.swift in Sources */,
				716A4E481BE2B47D00E66667 /* Settings.swift in Sources */,
				716A4E461BE2B2CE00E66667 /* IAPHelper.swift in Sources */,
				716A4E171BE29C0200E66667 /* BezierPathView.swift in Sources */,
				71A827051BE9557900BFAD57 /* User.swift in Sources */,
				716A4DE51BE29B6D00E66667 /* ViewController.swift in Sources */,
				716A4DE31BE29B6D00E66667 /* AppDelegate.swift in Sources */,
				716A4E161BE29C0200E66667 /* DropItViewController.swift in Sources */,
			);
			runOnlyForDeploymentPostprocessing = 0;
		};
		716A4DEF1BE29B6E00E66667 /* Sources */ = {
			isa = PBXSourcesBuildPhase;
			buildActionMask = 2147483647;
			files = (
				716A4DF81BE29B6E00E66667 /* DropIt_DragItTests.swift in Sources */,
			);
			runOnlyForDeploymentPostprocessing = 0;
		};
		716A4DFA1BE29B6E00E66667 /* Sources */ = {
			isa = PBXSourcesBuildPhase;
			buildActionMask = 2147483647;
			files = (
				716A4E031BE29B6E00E66667 /* DropIt_DragItUITests.swift in Sources */,
			);
			runOnlyForDeploymentPostprocessing = 0;
		};
/* End PBXSourcesBuildPhase section */

/* Begin PBXTargetDependency section */
		716A4DF51BE29B6E00E66667 /* PBXTargetDependency */ = {
			isa = PBXTargetDependency;
			target = 716A4DDE1BE29B6D00E66667 /* DropIt DragIt */;
			targetProxy = 716A4DF41BE29B6E00E66667 /* PBXContainerItemProxy */;
		};
		716A4E001BE29B6E00E66667 /* PBXTargetDependency */ = {
			isa = PBXTargetDependency;
			target = 716A4DDE1BE29B6D00E66667 /* DropIt DragIt */;
			targetProxy = 716A4DFF1BE29B6E00E66667 /* PBXContainerItemProxy */;
		};
/* End PBXTargetDependency section */

/* Begin PBXVariantGroup section */
		716A4DEB1BE29B6D00E66667 /* LaunchScreen.storyboard */ = {
			isa = PBXVariantGroup;
			children = (
				716A4DEC1BE29B6D00E66667 /* Base */,
			);
			name = LaunchScreen.storyboard;
			sourceTree = "<group>";
		};
/* End PBXVariantGroup section */

/* Begin XCBuildConfiguration section */
		716A4E051BE29B6E00E66667 /* Debug */ = {
			isa = XCBuildConfiguration;
			buildSettings = {
				ALWAYS_SEARCH_USER_PATHS = NO;
				CLANG_CXX_LANGUAGE_STANDARD = "gnu++0x";
				CLANG_CXX_LIBRARY = "libc++";
				CLANG_ENABLE_MODULES = YES;
				CLANG_ENABLE_OBJC_ARC = YES;
				CLANG_WARN_BOOL_CONVERSION = YES;
				CLANG_WARN_CONSTANT_CONVERSION = YES;
				CLANG_WARN_DIRECT_OBJC_ISA_USAGE = YES_ERROR;
				CLANG_WARN_EMPTY_BODY = YES;
				CLANG_WARN_ENUM_CONVERSION = YES;
				CLANG_WARN_INT_CONVERSION = YES;
				CLANG_WARN_OBJC_ROOT_CLASS = YES_ERROR;
				CLANG_WARN_UNREACHABLE_CODE = YES;
				CLANG_WARN__DUPLICATE_METHOD_MATCH = YES;
				"CODE_SIGN_IDENTITY[sdk=iphoneos*]" = "iPhone Developer";
				COPY_PHASE_STRIP = NO;
				DEBUG_INFORMATION_FORMAT = dwarf;
				ENABLE_STRICT_OBJC_MSGSEND = YES;
				ENABLE_TESTABILITY = YES;
				GCC_C_LANGUAGE_STANDARD = gnu99;
				GCC_DYNAMIC_NO_PIC = NO;
				GCC_NO_COMMON_BLOCKS = YES;
				GCC_OPTIMIZATION_LEVEL = 0;
				GCC_PREPROCESSOR_DEFINITIONS = (
					"DEBUG=1",
					"$(inherited)",
				);
				GCC_WARN_64_TO_32_BIT_CONVERSION = YES;
				GCC_WARN_ABOUT_RETURN_TYPE = YES_ERROR;
				GCC_WARN_UNDECLARED_SELECTOR = YES;
				GCC_WARN_UNINITIALIZED_AUTOS = YES_AGGRESSIVE;
				GCC_WARN_UNUSED_FUNCTION = YES;
				GCC_WARN_UNUSED_VARIABLE = YES;
				IPHONEOS_DEPLOYMENT_TARGET = 8.3;
				MTL_ENABLE_DEBUG_INFO = YES;
				ONLY_ACTIVE_ARCH = YES;
				SDKROOT = iphoneos;
				SWIFT_OPTIMIZATION_LEVEL = "-Onone";
				TARGETED_DEVICE_FAMILY = "1,2";
			};
			name = Debug;
		};
		716A4E061BE29B6E00E66667 /* Release */ = {
			isa = XCBuildConfiguration;
			buildSettings = {
				ALWAYS_SEARCH_USER_PATHS = NO;
				CLANG_CXX_LANGUAGE_STANDARD = "gnu++0x";
				CLANG_CXX_LIBRARY = "libc++";
				CLANG_ENABLE_MODULES = YES;
				CLANG_ENABLE_OBJC_ARC = YES;
				CLANG_WARN_BOOL_CONVERSION = YES;
				CLANG_WARN_CONSTANT_CONVERSION = YES;
				CLANG_WARN_DIRECT_OBJC_ISA_USAGE = YES_ERROR;
				CLANG_WARN_EMPTY_BODY = YES;
				CLANG_WARN_ENUM_CONVERSION = YES;
				CLANG_WARN_INT_CONVERSION = YES;
				CLANG_WARN_OBJC_ROOT_CLASS = YES_ERROR;
				CLANG_WARN_UNREACHABLE_CODE = YES;
				CLANG_WARN__DUPLICATE_METHOD_MATCH = YES;
				"CODE_SIGN_IDENTITY[sdk=iphoneos*]" = "iPhone Developer";
				COPY_PHASE_STRIP = NO;
				DEBUG_INFORMATION_FORMAT = "dwarf-with-dsym";
				ENABLE_NS_ASSERTIONS = NO;
				ENABLE_STRICT_OBJC_MSGSEND = YES;
				GCC_C_LANGUAGE_STANDARD = gnu99;
				GCC_NO_COMMON_BLOCKS = YES;
				GCC_WARN_64_TO_32_BIT_CONVERSION = YES;
				GCC_WARN_ABOUT_RETURN_TYPE = YES_ERROR;
				GCC_WARN_UNDECLARED_SELECTOR = YES;
				GCC_WARN_UNINITIALIZED_AUTOS = YES_AGGRESSIVE;
				GCC_WARN_UNUSED_FUNCTION = YES;
				GCC_WARN_UNUSED_VARIABLE = YES;
				IPHONEOS_DEPLOYMENT_TARGET = 8.3;
				MTL_ENABLE_DEBUG_INFO = NO;
				SDKROOT = iphoneos;
				TARGETED_DEVICE_FAMILY = "1,2";
				VALIDATE_PRODUCT = YES;
			};
			name = Release;
		};
		716A4E081BE29B6E00E66667 /* Debug */ = {
			isa = XCBuildConfiguration;
			buildSettings = {
				ASSETCATALOG_COMPILER_APPICON_NAME = AppIcon;
				CODE_SIGN_IDENTITY = "iPhone Developer";
				"CODE_SIGN_IDENTITY[sdk=iphoneos*]" = "iPhone Developer";
				INFOPLIST_FILE = "DropIt DragIt/Info.plist";
				IPHONEOS_DEPLOYMENT_TARGET = 9.0;
				LD_RUNPATH_SEARCH_PATHS = "$(inherited) @executable_path/Frameworks";
				PRODUCT_BUNDLE_IDENTIFIER = "com.garthmackenzie.DropIt-DragIt";
				PRODUCT_NAME = "$(TARGET_NAME)";
				PROVISIONING_PROFILE = "";
			};
			name = Debug;
		};
		716A4E091BE29B6E00E66667 /* Release */ = {
			isa = XCBuildConfiguration;
			buildSettings = {
				ASSETCATALOG_COMPILER_APPICON_NAME = AppIcon;
				CODE_SIGN_IDENTITY = "iPhone Developer";
				"CODE_SIGN_IDENTITY[sdk=iphoneos*]" = "iPhone Developer";
				INFOPLIST_FILE = "DropIt DragIt/Info.plist";
				IPHONEOS_DEPLOYMENT_TARGET = 9.0;
				LD_RUNPATH_SEARCH_PATHS = "$(inherited) @executable_path/Frameworks";
				PRODUCT_BUNDLE_IDENTIFIER = "com.garthmackenzie.DropIt-DragIt";
				PRODUCT_NAME = "$(TARGET_NAME)";
				PROVISIONING_PROFILE = "";
			};
			name = Release;
		};
		716A4E0B1BE29B6E00E66667 /* Debug */ = {
			isa = XCBuildConfiguration;
			buildSettings = {
				BUNDLE_LOADER = "$(TEST_HOST)";
				INFOPLIST_FILE = "DropIt DragItTests/Info.plist";
				LD_RUNPATH_SEARCH_PATHS = "$(inherited) @executable_path/Frameworks @loader_path/Frameworks";
				PRODUCT_BUNDLE_IDENTIFIER = "com.garthmackenzie.DropIt-DragItTests";
				PRODUCT_NAME = "$(TARGET_NAME)";
				TEST_HOST = "$(BUILT_PRODUCTS_DIR)/DropIt DragIt.app/DropIt DragIt";
			};
			name = Debug;
		};
		716A4E0C1BE29B6E00E66667 /* Release */ = {
			isa = XCBuildConfiguration;
			buildSettings = {
				BUNDLE_LOADER = "$(TEST_HOST)";
				INFOPLIST_FILE = "DropIt DragItTests/Info.plist";
				LD_RUNPATH_SEARCH_PATHS = "$(inherited) @executable_path/Frameworks @loader_path/Frameworks";
				PRODUCT_BUNDLE_IDENTIFIER = "com.garthmackenzie.DropIt-DragItTests";
				PRODUCT_NAME = "$(TARGET_NAME)";
				TEST_HOST = "$(BUILT_PRODUCTS_DIR)/DropIt DragIt.app/DropIt DragIt";
			};
			name = Release;
		};
		716A4E0E1BE29B6E00E66667 /* Debug */ = {
			isa = XCBuildConfiguration;
			buildSettings = {
				INFOPLIST_FILE = "DropIt DragItUITests/Info.plist";
				LD_RUNPATH_SEARCH_PATHS = "$(inherited) @executable_path/Frameworks @loader_path/Frameworks";
				PRODUCT_BUNDLE_IDENTIFIER = "com.garthmackenzie.DropIt-DragItUITests";
				PRODUCT_NAME = "$(TARGET_NAME)";
				TEST_TARGET_NAME = "DropIt DragIt";
				USES_XCTRUNNER = YES;
			};
			name = Debug;
		};
		716A4E0F1BE29B6E00E66667 /* Release */ = {
			isa = XCBuildConfiguration;
			buildSettings = {
				INFOPLIST_FILE = "DropIt DragItUITests/Info.plist";
				LD_RUNPATH_SEARCH_PATHS = "$(inherited) @executable_path/Frameworks @loader_path/Frameworks";
				PRODUCT_BUNDLE_IDENTIFIER = "com.garthmackenzie.DropIt-DragItUITests";
				PRODUCT_NAME = "$(TARGET_NAME)";
				TEST_TARGET_NAME = "DropIt DragIt";
				USES_XCTRUNNER = YES;
			};
			name = Release;
		};
/* End XCBuildConfiguration section */

/* Begin XCConfigurationList section */
		716A4DDA1BE29B6D00E66667 /* Build configuration list for PBXProject "DropIt DragIt" */ = {
			isa = XCConfigurationList;
			buildConfigurations = (
				716A4E051BE29B6E00E66667 /* Debug */,
				716A4E061BE29B6E00E66667 /* Release */,
			);
			defaultConfigurationIsVisible = 0;
			defaultConfigurationName = Release;
		};
		716A4E071BE29B6E00E66667 /* Build configuration list for PBXNativeTarget "DropIt DragIt" */ = {
			isa = XCConfigurationList;
			buildConfigurations = (
				716A4E081BE29B6E00E66667 /* Debug */,
				716A4E091BE29B6E00E66667 /* Release */,
			);
			defaultConfigurationIsVisible = 0;
			defaultConfigurationName = Release;
		};
		716A4E0A1BE29B6E00E66667 /* Build configuration list for PBXNativeTarget "DropIt DragItTests" */ = {
			isa = XCConfigurationList;
			buildConfigurations = (
				716A4E0B1BE29B6E00E66667 /* Debug */,
				716A4E0C1BE29B6E00E66667 /* Release */,
			);
			defaultConfigurationIsVisible = 0;
			defaultConfigurationName = Release;
		};
		716A4E0D1BE29B6E00E66667 /* Build configuration list for PBXNativeTarget "DropIt DragItUITests" */ = {
			isa = XCConfigurationList;
			buildConfigurations = (
				716A4E0E1BE29B6E00E66667 /* Debug */,
				716A4E0F1BE29B6E00E66667 /* Release */,
			);
			defaultConfigurationIsVisible = 0;
			defaultConfigurationName = Release;
		};
/* End XCConfigurationList section */
	};
	rootObject = 716A4DD71BE29B6D00E66667 /* Project object */;
}
